<?xml version="1.0" encoding="utf-8"?>
<Project ToolsVersion="4.0" xmlns="http://schemas.microsoft.com/developer/msbuild/2003">
  <ItemGroup>
    <Filter Include="Source Files">
      <UniqueIdentifier>{fccc893e-4881-4ff3-a120-0d7c45d517fa}</UniqueIdentifier>
      <Extensions>cpp;c;cxx;rc;def;r;odl;idl;hpj;bat</Extensions>
    </Filter>
    <Filter Include="Header Files">
      <UniqueIdentifier>{49efe543-eaf2-4c4b-9bda-3601c3129e76}</UniqueIdentifier>
      <Extensions>h;hpp;hxx;hm;inl</Extensions>
    </Filter>
  </ItemGroup>
  <ItemGroup>
    <ClCompile Include="dxfp.cpp">
      <Filter>Source Files</Filter>
    </ClCompile>
    <ClCompile Include="p2dpoly.cpp">
      <Filter>Source Files</Filter>
    </ClCompile>
    <ClCompile Include="pafmath.cpp">
      <Filter>Source Files</Filter>
    </ClCompile>
    <ClCompile Include="..\include\generic\xmlparse.cpp">
      <Filter>Source Files</Filter>
    </ClCompile>
  </ItemGroup>
  <ItemGroup>
    <ClInclude Include="..\include\generic\comm.h">
      <Filter>Header Files</Filter>
    </ClInclude>
    <ClInclude Include="..\include\generic\dxfp.h">
      <Filter>Header Files</Filter>
    </ClInclude>
    <ClInclude Include="..\include\generic\p2dpoly.h">
      <Filter>Header Files</Filter>
    </ClInclude>
    <ClInclude Include="..\include\generic\pafmath.h">
      <Filter>Header Files</Filter>
    </ClInclude>
    <ClInclude Include="..\include\generic\paftl.h">
      <Filter>Header Files</Filter>
    </ClInclude>
    <ClInclude Include="..\include\generic\xmlparse.h">
      <Filter>Header Files</Filter>
    </ClInclude>
  </ItemGroup>
</Project>