<?xml version="1.0" encoding="utf-8"?>
<Project ToolsVersion="4.0" xmlns="http://schemas.microsoft.com/developer/msbuild/2003">
  <ItemGroup>
    <Filter Include="Source Files">
      <UniqueIdentifier>{6ca8b966-680e-4708-86ed-597d26ef4cf2}</UniqueIdentifier>
      <Extensions>cpp;c;cxx;rc;def;r;odl;idl;hpj;bat</Extensions>
    </Filter>
    <Filter Include="Resource Files">
      <UniqueIdentifier>{349378dc-2c34-404f-b4aa-a5d055b2b4a3}</UniqueIdentifier>
      <Extensions>ico;cur;bmp;dlg;rc2;rct;bin;rgs;gif;jpg;jpeg;jpe</Extensions>
    </Filter>
    <Filter Include="Header Files">
      <UniqueIdentifier>{f676e918-3f33-4a4f-aace-ea7a86551fb8}</UniqueIdentifier>
      <Extensions>*.h</Extensions>
    </Filter>
  </ItemGroup>
  <ItemGroup>
    <ClCompile Include="3DView.cpp">
      <Filter>Source Files</Filter>
    </ClCompile>
    <ClCompile Include="AgentAnalysisDlg.cpp">
      <Filter>Source Files</Filter>
    </ClCompile>
    <ClCompile Include="AttributeChooserDlg.cpp">
      <Filter>Source Files</Filter>
    </ClCompile>
    <ClCompile Include="AttributeSummary.cpp">
      <Filter>Source Files</Filter>
    </ClCompile>
    <ClCompile Include="AxialAnalysisOptionsDlg.cpp">
      <Filter>Source Files</Filter>
    </ClCompile>
    <ClCompile Include="ChildFrm.cpp">
      <Filter>Source Files</Filter>
    </ClCompile>
    <ClCompile Include="ColourScaleDlg.cpp">
      <Filter>Source Files</Filter>
    </ClCompile>
    <ClCompile Include="ColumnPropertiesDlg.cpp">
      <Filter>Source Files</Filter>
    </ClCompile>
    <ClCompile Include="ConvertShapesDlg.cpp">
      <Filter>Source Files</Filter>
    </ClCompile>
    <ClCompile Include="Depthmap.cpp">
      <Filter>Source Files</Filter>
    </ClCompile>
    <ClCompile Include="DepthmapAlert.cpp">
      <Filter>Source Files</Filter>
    </ClCompile>
    <ClCompile Include="DepthmapAtom.cpp">
      <Filter>Source Files</Filter>
    </ClCompile>
    <ClCompile Include="DepthmapOptionsDlg.cpp">
      <Filter>Source Files</Filter>
    </ClCompile>
    <ClCompile Include="DepthmapView.cpp">
      <Filter>Source Files</Filter>
    </ClCompile>
    <ClCompile Include="EditConnectionsDlg.cpp">
      <Filter>Source Files</Filter>
    </ClCompile>
    <ClCompile Include="FewestLineOptionsDlg.cpp">
      <Filter>Source Files</Filter>
    </ClCompile>
    <ClCompile Include="FilePropertiesDlg.cpp">
      <Filter>Source Files</Filter>
    </ClCompile>
    <ClCompile Include="FindLocDlg.cpp">
      <Filter>Source Files</Filter>
    </ClCompile>
    <ClCompile Include="GraphDoc.cpp">
      <Filter>Source Files</Filter>
    </ClCompile>
    <ClCompile Include="GridDialog.cpp">
      <Filter>Source Files</Filter>
    </ClCompile>
    <ClCompile Include="HoverWnd.cpp">
      <Filter>Source Files</Filter>
    </ClCompile>
    <ClCompile Include="HyperLink.cpp">
      <Filter>Source Files</Filter>
    </ClCompile>
    <ClCompile Include="InsertColumnDlg.cpp">
      <Filter>Source Files</Filter>
    </ClCompile>
    <ClCompile Include="IsovistPathDlg.cpp">
      <Filter>Source Files</Filter>
    </ClCompile>
    <ClCompile Include="LayerChooserDlg.cpp">
      <Filter>Source Files</Filter>
    </ClCompile>
    <ClCompile Include="LicenceDialog.cpp">
      <Filter>Source Files</Filter>
    </ClCompile>
    <ClCompile Include="MainFrm.cpp">
      <Filter>Source Files</Filter>
    </ClCompile>
    <ClCompile Include="MakeLayerDlg.cpp">
      <Filter>Source Files</Filter>
    </ClCompile>
    <ClCompile Include="MakeOptionsDlg.cpp">
      <Filter>Source Files</Filter>
    </ClCompile>
    <ClCompile Include="NewLayerDlg.cpp">
      <Filter>Source Files</Filter>
    </ClCompile>
    <ClCompile Include="optionsdlg.cpp">
      <Filter>Source Files</Filter>
    </ClCompile>
    <ClCompile Include="PlotView.cpp">
      <Filter>Source Files</Filter>
    </ClCompile>
    <ClCompile Include="PromptReplace.cpp">
      <Filter>Source Files</Filter>
    </ClCompile>
    <ClCompile Include="PushDialog.cpp">
      <Filter>Source Files</Filter>
    </ClCompile>
    <ClCompile Include="RenameObjectDlg.cpp">
      <Filter>Source Files</Filter>
    </ClCompile>
    <ClCompile Include="RichTabEditCtrl.cpp">
      <Filter>Source Files</Filter>
    </ClCompile>
    <ClCompile Include="SegmentAnalysisDlg.cpp">
      <Filter>Source Files</Filter>
    </ClCompile>
    <ClCompile Include="SetAttrValueDlg.cpp">
      <Filter>Source Files</Filter>
    </ClCompile>
    <ClCompile Include="SideBar.cpp">
      <Filter>Source Files</Filter>
    </ClCompile>
    <ClCompile Include="SplashDlg.cpp">
      <Filter>Source Files</Filter>
    </ClCompile>
    <ClCompile Include="StdAfx.cpp">
      <Filter>Source Files</Filter>
    </ClCompile>
    <ClCompile Include="TableEdit.cpp">
      <Filter>Source Files</Filter>
    </ClCompile>
    <ClCompile Include="TableView.cpp">
      <Filter>Source Files</Filter>
    </ClCompile>
    <ClCompile Include="TopoMetDlg.cpp">
      <Filter>Source Files</Filter>
    </ClCompile>
    <ClCompile Include="ViewSelector.cpp">
      <Filter>Source Files</Filter>
    </ClCompile>
    <ClCompile Include="ViewSelectorSub.cpp">
      <Filter>Source Files</Filter>
    </ClCompile>
    <ClCompile Include="WaitDialog.cpp">
      <Filter>Source Files</Filter>
    </ClCompile>
  </ItemGroup>
  <ItemGroup>
    <ResourceCompile Include="Depthmap.rc">
      <Filter>Source Files</Filter>
    </ResourceCompile>
  </ItemGroup>
  <ItemGroup>
    <None Include="res\accept1.bmp">
      <Filter>Resource Files</Filter>
    </None>
    <None Include="res\agent_to.bmp">
      <Filter>Resource Files</Filter>
    </None>
    <None Include="arrow.cur">
      <Filter>Resource Files</Filter>
    </None>
    <None Include="res\bitmap.bmp">
      <Filter>Resource Files</Filter>
    </None>
    <None Include="Res\bitmap1.bmp">
      <Filter>Resource Files</Filter>
    </None>
    <None Include="res\bitmap2.bmp">
      <Filter>Resource Files</Filter>
    </None>
    <None Include="Res\bmp00001.bmp">
      <Filter>Resource Files</Filter>
    </None>
    <None Include="Res\bmp00002.bmp">
      <Filter>Resource Files</Filter>
    </None>
    <None Include="res\bmp00003.bmp">
      <Filter>Resource Files</Filter>
    </None>
    <None Include="res\bmp00004.bmp">
      <Filter>Resource Files</Filter>
    </None>
    <None Include="res\bmp00005.bmp">
      <Filter>Resource Files</Filter>
    </None>
    <None Include="res\bmp00006.bmp">
      <Filter>Resource Files</Filter>
    </None>
    <None Include="res\bmp00007.bmp">
      <Filter>Resource Files</Filter>
    </None>
    <None Include="res\bmp00008.bmp">
      <Filter>Resource Files</Filter>
    </None>
    <None Include="res\bmp00009.bmp">
      <Filter>Resource Files</Filter>
    </None>
    <None Include="res\cancelbo.bmp">
      <Filter>Resource Files</Filter>
    </None>
    <None Include="res\column_e.bmp">
      <Filter>Resource Files</Filter>
    </None>
    <None Include="res\columnhe.bmp">
      <Filter>Resource Files</Filter>
    </None>
    <None Include="res\cur00001.cur">
      <Filter>Resource Files</Filter>
    </None>
    <None Include="res\cur00002.cur">
      <Filter>Resource Files</Filter>
    </None>
    <None Include="res\cur00003.cur">
      <Filter>Resource Files</Filter>
    </None>
    <None Include="Res\cur00004.cur">
      <Filter>Resource Files</Filter>
    </None>
    <None Include="res\cur00005.cur">
      <Filter>Resource Files</Filter>
    </None>
    <None Include="res\cur00006.cur">
      <Filter>Resource Files</Filter>
    </None>
    <None Include="res\cur00007.cur">
      <Filter>Resource Files</Filter>
    </None>
    <None Include="res\cursor1.cur">
      <Filter>Resource Files</Filter>
    </None>
    <None Include="res\dephmapsplash2.bmp">
      <Filter>Resource Files</Filter>
    </None>
    <None Include="res\dephmapsplash3.bmp">
      <Filter>Resource Files</Filter>
    </None>
    <None Include="res\Depthmap.ico">
      <Filter>Resource Files</Filter>
    </None>
    <None Include="res\Depthmap.rc2">
      <Filter>Resource Files</Filter>
    </None>
    <None Include="res\depthmapsplash_SSL3_Lg.bmp">
      <Filter>Resource Files</Filter>
    </None>
    <None Include="res\fill_cur.cur">
      <Filter>Resource Files</Filter>
    </None>
    <None Include="res\GraphDoc.ico">
      <Filter>Resource Files</Filter>
    </None>
    <None Include="res\hand_cur.cur">
      <Filter>Resource Files</Filter>
    </None>
    <None Include="res\ico00001.ico">
      <Filter>Resource Files</Filter>
    </None>
    <None Include="res\ico00002.ico">
      <Filter>Resource Files</Filter>
    </None>
    <None Include="res\idr_grap.ico">
      <Filter>Resource Files</Filter>
    </None>
    <None Include="Res\idr_main.ico">
      <Filter>Resource Files</Filter>
    </None>
    <None Include="res\linkcurs.cur">
      <Filter>Resource Files</Filter>
    </None>
    <None Include="res\map_bar.bmp">
      <Filter>Resource Files</Filter>
    </None>
    <None Include="res\map_bar_.bmp">
      <Filter>Resource Files</Filter>
    </None>
    <None Include="res\sideicon.bmp">
      <Filter>Resource Files</Filter>
    </None>
    <None Include="res\sidetree.bmp">
      <Filter>Resource Files</Filter>
    </None>
    <None Include="res\splash.bmp">
      <Filter>Resource Files</Filter>
    </None>
    <None Include="res\splash1.bmp">
      <Filter>Resource Files</Filter>
    </None>
    <None Include="Res\SPLASH2.bmp">
      <Filter>Resource Files</Filter>
    </None>
    <None Include="res\stateico.bmp">
      <Filter>Resource Files</Filter>
    </None>
    <None Include="res\stochata.bmp">
      <Filter>Resource Files</Filter>
    </None>
    <None Include="res\tickboxu.bmp">
      <Filter>Resource Files</Filter>
    </None>
    <None Include="res\Toolbar.bmp">
      <Filter>Resource Files</Filter>
    </None>
    <None Include="Res\toolbar1.bmp">
      <Filter>Resource Files</Filter>
    </None>
    <None Include="Res\UCLlogo.bmp">
      <Filter>Resource Files</Filter>
    </None>
    <None Include="res\zoom_in1.cur">
      <Filter>Resource Files</Filter>
    </None>
    <None Include="Depthmap.reg" />
  </ItemGroup>
  <ItemGroup>
    <ClInclude Include="3DView.h">
      <Filter>Header Files</Filter>
    </ClInclude>
    <ClInclude Include="AttributeChooserDlg.h">
      <Filter>Header Files</Filter>
    </ClInclude>
    <ClInclude Include="AttributeSummary.h">
      <Filter>Header Files</Filter>
    </ClInclude>
    <ClInclude Include="AxialAnalysisOptionsDlg.h">
      <Filter>Header Files</Filter>
    </ClInclude>
    <ClInclude Include="buildinfo.h">
      <Filter>Header Files</Filter>
    </ClInclude>
    <ClInclude Include="ChildFrm.h">
      <Filter>Header Files</Filter>
    </ClInclude>
    <ClInclude Include="ColourScaleDlg.h">
      <Filter>Header Files</Filter>
    </ClInclude>
    <ClInclude Include="ColumnPropertiesDlg.h">
      <Filter>Header Files</Filter>
    </ClInclude>
    <ClInclude Include="Depthmap.h">
      <Filter>Header Files</Filter>
    </ClInclude>
    <ClInclude Include="DepthmapAlert.h">
      <Filter>Header Files</Filter>
    </ClInclude>
    <ClInclude Include="DepthmapAtom.h">
      <Filter>Header Files</Filter>
    </ClInclude>
    <ClInclude Include="DepthmapOptionsDlg.h">
      <Filter>Header Files</Filter>
    </ClInclude>
    <ClInclude Include="DepthmapView.h">
      <Filter>Header Files</Filter>
    </ClInclude>
    <ClInclude Include="EditConnectionsDlg.h">
      <Filter>Header Files</Filter>
    </ClInclude>
    <ClInclude Include="FewestLineOptionsDlg.h">
      <Filter>Header Files</Filter>
    </ClInclude>
    <ClInclude Include="FilePropertiesDlg.h">
      <Filter>Header Files</Filter>
    </ClInclude>
    <ClInclude Include="FindLocDlg.h">
      <Filter>Header Files</Filter>
    </ClInclude>
    <ClInclude Include="GraphDoc.h">
      <Filter>Header Files</Filter>
    </ClInclude>
    <ClInclude Include="GridDialog.h">
      <Filter>Header Files</Filter>
    </ClInclude>
    <ClInclude Include="HoverWnd.h">
      <Filter>Header Files</Filter>
    </ClInclude>
    <ClInclude Include="HyperLink.h">
      <Filter>Header Files</Filter>
    </ClInclude>
    <ClInclude Include="importedmodules.h">
      <Filter>Header Files</Filter>
    </ClInclude>
    <ClInclude Include="InsertColumnDlg.h">
      <Filter>Header Files</Filter>
    </ClInclude>
    <ClInclude Include="IsovistPathDlg.h">
      <Filter>Header Files</Filter>
    </ClInclude>
    <ClInclude Include="LayerChooserDlg.h">
      <Filter>Header Files</Filter>
    </ClInclude>
    <ClInclude Include="LicenceDialog.h">
      <Filter>Header Files</Filter>
    </ClInclude>
    <ClInclude Include="MainFrm.h">
      <Filter>Header Files</Filter>
    </ClInclude>
    <ClInclude Include="MakeLayerDlg.h">
      <Filter>Header Files</Filter>
    </ClInclude>
    <ClInclude Include="MakeOptionsDlg.h">
      <Filter>Header Files</Filter>
    </ClInclude>
    <ClInclude Include="..\include\Sala\mgraph.h">
      <Filter>Header Files</Filter>
    </ClInclude>
    <ClInclude Include="NewLayerDlg.h">
      <Filter>Header Files</Filter>
    </ClInclude>
    <ClInclude Include="optionsdlg.h">
      <Filter>Header Files</Filter>
    </ClInclude>
    <ClInclude Include="PlotView.h">
      <Filter>Header Files</Filter>
    </ClInclude>
    <ClInclude Include="PromptReplace.h">
      <Filter>Header Files</Filter>
    </ClInclude>
    <ClInclude Include="PushDialog.h">
      <Filter>Header Files</Filter>
    </ClInclude>
    <ClInclude Include="RenameObjectDlg.h">
      <Filter>Header Files</Filter>
    </ClInclude>
    <ClInclude Include="resource.h">
      <Filter>Header Files</Filter>
    </ClInclude>
    <ClInclude Include="RichTabEditCtrl.h">
      <Filter>Header Files</Filter>
    </ClInclude>
    <ClInclude Include="SegmentAnalysisDlg.h">
      <Filter>Header Files</Filter>
    </ClInclude>
    <ClInclude Include="SetAttrValueDlg.h">
      <Filter>Header Files</Filter>
    </ClInclude>
    <ClInclude Include="SideBar.h">
      <Filter>Header Files</Filter>
    </ClInclude>
    <ClInclude Include="SplashDlg.h">
      <Filter>Header Files</Filter>
    </ClInclude>
    <ClInclude Include="StdAfx.h">
      <Filter>Header Files</Filter>
    </ClInclude>
    <ClInclude Include="TableEdit.h">
      <Filter>Header Files</Filter>
    </ClInclude>
    <ClInclude Include="TableView.h">
      <Filter>Header Files</Filter>
    </ClInclude>
    <ClInclude Include="ViewSelector.h">
      <Filter>Header Files</Filter>
    </ClInclude>
    <ClInclude Include="ViewSelectorSub.h">
      <Filter>Header Files</Filter>
    </ClInclude>
    <ClInclude Include="WaitDialog.h">
      <Filter>Header Files</Filter>
    </ClInclude>
    <ClInclude Include="ConvertShapesDlg.h" />
    <ClInclude Include="TopoMetDlg.h" />
  </ItemGroup>
</Project>